
Microsoft Visual Studio Solution File, Format Version 12.00
# Visual Studio Version 17
VisualStudioVersion = 17.13.35931.197 d17.13
MinimumVisualStudioVersion = 10.0.40219.1
Project("{FAE04EC0-301F-11D3-BF4B-00C04F79EFBC}") = "GameIndexerLambda", "GameIndexerLambda\GameIndexerLambda.csproj", "{C3CCACC5-5B77-4003-927F-F9194B1A68C1}"
EndProject
Global
	GlobalSection(SolutionConfigurationPlatforms) = preSolution
		Debug|Any CPU = Debug|Any CPU
		Release|Any CPU = Release|Any CPU
	EndGlobalSection
	GlobalSection(ProjectConfigurationPlatforms) = postSolution
		{C3CCACC5-5B77-4003-927F-F9194B1A68C1}.Debug|Any CPU.ActiveCfg = Debug|Any CPU
		{C3CCACC5-5B77-4003-927F-F9194B1A68C1}.Debug|Any CPU.Build.0 = Debug|Any CPU
		{C3CCACC5-5B77-4003-927F-F9194B1A68C1}.Release|Any CPU.ActiveCfg = Release|Any CPU
		{C3CCACC5-5B77-4003-927F-F9194B1A68C1}.Release|Any CPU.Build.0 = Release|Any CPU
	EndGlobalSection
	GlobalSection(SolutionProperties) = preSolution
		HideSolutionNode = FALSE
	EndGlobalSection
	GlobalSection(ExtensibilityGlobals) = postSolution
		SolutionGuid = {1A74FA91-98C0-4FB4-836F-988388FD58E7}
	EndGlobalSection
EndGlobal
